
Microsoft Visual Studio Solution File, Format Version 12.00
# Visual Studio Version 17
VisualStudioVersion = 17.0.32014.148
MinimumVisualStudioVersion = 10.0.40219.1
Project("{9A19103F-16F7-4668-BE54-9A1E7A4F7556}") = "IronCompress", "IronCompress\IronCompress.csproj", "{AF7C1723-CED3-466B-B524-7671DF1C45B5}"
EndProject
Project("{9A19103F-16F7-4668-BE54-9A1E7A4F7556}") = "IronCompress.Test", "IronCompress.Test\IronCompress.Test.csproj", "{24CE97A1-3502-481C-AFF9-891D45B6699D}"
EndProject
Project("{2150E333-8FDC-42A3-9474-1A3956D46DE8}") = "Solution Items", "Solution Items", "{E019ACDF-9076-45D4-AD1B-702285BD178D}"
	ProjectSection(SolutionItems) = preProject
		..\.github\workflows\full.yml = ..\.github\workflows\full.yml
		..\README.md = ..\README.md
	EndProjectSection
EndProject
Global
	GlobalSection(SolutionConfigurationPlatforms) = preSolution
		Debug|Any CPU = Debug|Any CPU
		Release|Any CPU = Release|Any CPU
	EndGlobalSection
	GlobalSection(ProjectConfigurationPlatforms) = postSolution
		{AF7C1723-CED3-466B-B524-7671DF1C45B5}.Debug|Any CPU.ActiveCfg = Debug|Any CPU
		{AF7C1723-CED3-466B-B524-7671DF1C45B5}.Debug|Any CPU.Build.0 = Debug|Any CPU
		{AF7C1723-CED3-466B-B524-7671DF1C45B5}.Release|Any CPU.ActiveCfg = Release|Any CPU
		{AF7C1723-CED3-466B-B524-7671DF1C45B5}.Release|Any CPU.Build.0 = Release|Any CPU
		{24CE97A1-3502-481C-AFF9-891D45B6699D}.Debug|Any CPU.ActiveCfg = Debug|Any CPU
		{24CE97A1-3502-481C-AFF9-891D45B6699D}.Debug|Any CPU.Build.0 = Debug|Any CPU
		{24CE97A1-3502-481C-AFF9-891D45B6699D}.Release|Any CPU.ActiveCfg = Release|Any CPU
		{24CE97A1-3502-481C-AFF9-891D45B6699D}.Release|Any CPU.Build.0 = Release|Any CPU
	EndGlobalSection
	GlobalSection(SolutionProperties) = preSolution
		HideSolutionNode = FALSE
	EndGlobalSection
	GlobalSection(ExtensibilityGlobals) = postSolution
		SolutionGuid = {4C834CCA-2F18-46DC-B88D-6770BD637C2C}
	EndGlobalSection
EndGlobal
