
Microsoft Visual Studio Solution File, Format Version 12.00
# Visual Studio Version 17
VisualStudioVersion = 17.0.32014.148
MinimumVisualStudioVersion = 10.0.40219.1
Project("{FAE04EC0-301F-11D3-BF4B-00C04F79EFBC}") = "IronCompress", "IronCompress\IronCompress.csproj", "{AF7C1723-CED3-466B-B524-7671DF1C45B5}"
EndProject
Global
	GlobalSection(SolutionConfigurationPlatforms) = preSolution
		Debug|Any CPU = Debug|Any CPU
		Release|Any CPU = Release|Any CPU
	EndGlobalSection
	GlobalSection(ProjectConfigurationPlatforms) = postSolution
		{AF7C1723-CED3-466B-B524-7671DF1C45B5}.Debug|Any CPU.ActiveCfg = Debug|Any CPU
		{AF7C1723-CED3-466B-B524-7671DF1C45B5}.Debug|Any CPU.Build.0 = Debug|Any CPU
		{AF7C1723-CED3-466B-B524-7671DF1C45B5}.Release|Any CPU.ActiveCfg = Release|Any CPU
		{AF7C1723-CED3-466B-B524-7671DF1C45B5}.Release|Any CPU.Build.0 = Release|Any CPU
	EndGlobalSection
	GlobalSection(SolutionProperties) = preSolution
		HideSolutionNode = FALSE
	EndGlobalSection
	GlobalSection(ExtensibilityGlobals) = postSolution
		SolutionGuid = {4C834CCA-2F18-46DC-B88D-6770BD637C2C}
	EndGlobalSection
EndGlobal
